{
  "version": 4,
  "terraform_version": "0.14.2",
  "serial": 1,
  "lineage": "5d2072f3-0bf0-e7d8-5da6-eb6ac4fa448a",
  "outputs": {},
  "resources": [
    {
      "mode": "managed",
      "type": "azurerm_resource_group",
      "name": "tf_test",
      "provider": "provider[\"registry.terraform.io/hashicorp/azurerm\"]",
      "instances": [
        {
          "schema_version": 0,
          "attributes": {
            "id": "/subscriptions/f0060c8b-9ae2-4d37-8010-0bd020c184f9/resourceGroups/RG-Terraform-POC",
            "location": "eastus2",
            "name": "RG-Terraform-POC",
            "tags": {
              "Application": "Undefined",
              "Environment": "Prod",
              "Owner": "IT"
            },
            "timeouts": null
          },
          "sensitive_attributes": [],
          "private": "eyJlMmJmYjczMC1lY2FhLTExZTYtOGY4OC0zNDM2M2JjN2M0YzAiOnsiY3JlYXRlIjo1NDAwMDAwMDAwMDAwLCJkZWxldGUiOjU0MDAwMDAwMDAwMDAsInJlYWQiOjMwMDAwMDAwMDAwMCwidXBkYXRlIjo1NDAwMDAwMDAwMDAwfX0="
        }
      ]
    }
  ]
}
